<?xml version="1.0" encoding="UTF-8" standalone="yes" ?>
<CodeBlocks_project_file>
	<FileVersion major="1" minor="6" />
	<Project>
		<Option title="vprocess-simulator-project" />
		<Option pch_mode="2" />
		<Option compiler="gcc" />
		<Build>
			<Target title="Debug">
				<Option output="bin/Debug/vprocess-simulator-project" prefix_auto="1" extension_auto="1" />
				<Option object_output="obj/Debug/" />
				<Option type="1" />
				<Option compiler="gcc" />
				<Compiler>
					<Add option="-g" />
				</Compiler>
			</Target>
			<Target title="Release">
				<Option output="bin/Release/vprocess-simulator-project" prefix_auto="1" extension_auto="1" />
				<Option object_output="obj/Release/" />
				<Option type="1" />
				<Option compiler="gcc" />
				<Compiler>
					<Add option="-O2" />
				</Compiler>
				<Linker>
					<Add option="-s" />
				</Linker>
			</Target>
		</Build>
		<Compiler>
			<Add option="-Wall" />
		</Compiler>
		<Unit filename="CPU.cpp" />
		<Unit filename="CPU.hpp" />
		<Unit filename="Defs.hpp" />
		<Unit filename="Event.cpp" />
		<Unit filename="Event.hpp" />
		<Unit filename="Logger.cpp" />
		<Unit filename="Logger.hpp" />
		<Unit filename="Process.cpp" />
		<Unit filename="Process.hpp" />
		<Unit filename="RandomGenerator.cpp" />
		<Unit filename="RandomGenerator.hpp" />
		<Unit filename="Simulator.cpp" />
		<Unit filename="Simulator.hpp" />
		<Unit filename="Statistics.cpp" />
		<Unit filename="Statistics.hpp" />
		<Unit filename="Utils.cpp" />
		<Unit filename="Utils.hpp" />
		<Unit filename="main.cpp" />
		<Extensions>
			<code_completion />
			<envvars />
			<debugger />
			<lib_finder disable_auto="1" />
			<DoxyBlocks>
				<comment_style block="0" line="0" />
				<doxyfile_project output_directory='&quot;docs&quot;' />
				<doxyfile_build />
				<doxyfile_warnings />
				<doxyfile_output />
				<doxyfile_dot />
				<general />
			</DoxyBlocks>
		</Extensions>
	</Project>
</CodeBlocks_project_file>
